
Microsoft Visual Studio Solution File, Format Version 12.00
# Visual Studio Version 17
VisualStudioVersion = 17.9.34728.123
MinimumVisualStudioVersion = 10.0.40219.1
Project("{FAE04EC0-301F-11D3-BF4B-00C04F79EFBC}") = "Library_Management_System", "Library_Management_System.csproj", "{065477B3-1BD1-456D-BEC9-D3E89E2839E8}"
EndProject
Global
	GlobalSection(SolutionConfigurationPlatforms) = preSolution
		Debug|Any CPU = Debug|Any CPU
		Release|Any CPU = Release|Any CPU
	EndGlobalSection
	GlobalSection(ProjectConfigurationPlatforms) = postSolution
		{065477B3-1BD1-456D-BEC9-D3E89E2839E8}.Debug|Any CPU.ActiveCfg = Debug|Any CPU
		{065477B3-1BD1-456D-BEC9-D3E89E2839E8}.Debug|Any CPU.Build.0 = Debug|Any CPU
		{065477B3-1BD1-456D-BEC9-D3E89E2839E8}.Release|Any CPU.ActiveCfg = Release|Any CPU
		{065477B3-1BD1-456D-BEC9-D3E89E2839E8}.Release|Any CPU.Build.0 = Release|Any CPU
	EndGlobalSection
	GlobalSection(SolutionProperties) = preSolution
		HideSolutionNode = FALSE
	EndGlobalSection
	GlobalSection(ExtensibilityGlobals) = postSolution
		SolutionGuid = {98FDC37F-BBBC-444A-90EE-8731A1FCD8FE}
	EndGlobalSection
EndGlobal
